
Microsoft Visual Studio Solution File, Format Version 12.00
# Visual Studio Version 17
VisualStudioVersion = 17.7.34024.191
MinimumVisualStudioVersion = 10.0.40219.1
Project("{FAE04EC0-301F-11D3-BF4B-00C04F79EFBC}") = "EjemploPaqueteJahzSuma", "EjemploPaqueteJahzSuma\EjemploPaqueteJahzSuma.csproj", "{9DCB0F0B-680F-418F-B0C0-330E3A86380E}"
EndProject
Global
	GlobalSection(SolutionConfigurationPlatforms) = preSolution
		Debug|Any CPU = Debug|Any CPU
		Release|Any CPU = Release|Any CPU
	EndGlobalSection
	GlobalSection(ProjectConfigurationPlatforms) = postSolution
		{9DCB0F0B-680F-418F-B0C0-330E3A86380E}.Debug|Any CPU.ActiveCfg = Debug|Any CPU
		{9DCB0F0B-680F-418F-B0C0-330E3A86380E}.Debug|Any CPU.Build.0 = Debug|Any CPU
		{9DCB0F0B-680F-418F-B0C0-330E3A86380E}.Release|Any CPU.ActiveCfg = Release|Any CPU
		{9DCB0F0B-680F-418F-B0C0-330E3A86380E}.Release|Any CPU.Build.0 = Release|Any CPU
	EndGlobalSection
	GlobalSection(SolutionProperties) = preSolution
		HideSolutionNode = FALSE
	EndGlobalSection
	GlobalSection(ExtensibilityGlobals) = postSolution
		SolutionGuid = {60CA4FA3-1701-4255-88E8-36889AF0D07F}
	EndGlobalSection
EndGlobal
